// !$*UTF8*$!
{
	archiveVersion = 1;
	classes = {
	};
	objectVersion = 50;
	objects = {

/* Begin PBXBuildFile section */
		0A04D81220FA3E8F00089C32 /* AppDelegate.swift in Sources */ = {isa = PBXBuildFile; fileRef = 0A04D81120FA3E8F00089C32 /* AppDelegate.swift */; };
		0A04D81420FA3E8F00089C32 /* ViewController.swift in Sources */ = {isa = PBXBuildFile; fileRef = 0A04D81320FA3E8F00089C32 /* ViewController.swift */; };
		0A04D81720FA3E8F00089C32 /* Main.storyboard in Resources */ = {isa = PBXBuildFile; fileRef = 0A04D81520FA3E8F00089C32 /* Main.storyboard */; };
		0A04D81920FA3E9000089C32 /* Assets.xcassets in Resources */ = {isa = PBXBuildFile; fileRef = 0A04D81820FA3E9000089C32 /* Assets.xcassets */; };
		0A04D81C20FA3E9000089C32 /* LaunchScreen.storyboard in Resources */ = {isa = PBXBuildFile; fileRef = 0A04D81A20FA3E9000089C32 /* LaunchScreen.storyboard */; };
		0A04D82720FA3E9000089C32 /* tic_tac_toeTests.swift in Sources */ = {isa = PBXBuildFile; fileRef = 0A04D82620FA3E9000089C32 /* tic_tac_toeTests.swift */; };
		0A04D83220FA3E9000089C32 /* tic_tac_toeUITests.swift in Sources */ = {isa = PBXBuildFile; fileRef = 0A04D83120FA3E9000089C32 /* tic_tac_toeUITests.swift */; };
/* End PBXBuildFile section */

/* Begin PBXContainerItemProxy section */
		0A04D82320FA3E9000089C32 /* PBXContainerItemProxy */ = {
			isa = PBXContainerItemProxy;
			containerPortal = 0A04D80620FA3E8F00089C32 /* Project object */;
			proxyType = 1;
			remoteGlobalIDString = 0A04D80D20FA3E8F00089C32;
			remoteInfo = "tic tac toe";
		};
		0A04D82E20FA3E9000089C32 /* PBXContainerItemProxy */ = {
			isa = PBXContainerItemProxy;
			containerPortal = 0A04D80620FA3E8F00089C32 /* Project object */;
			proxyType = 1;
			remoteGlobalIDString = 0A04D80D20FA3E8F00089C32;
			remoteInfo = "tic tac toe";
		};
/* End PBXContainerItemProxy section */

/* Begin PBXFileReference section */
		0A04D80E20FA3E8F00089C32 /* tic tac toe.app */ = {isa = PBXFileReference; explicitFileType = wrapper.application; includeInIndex = 0; path = "tic tac toe.app"; sourceTree = BUILT_PRODUCTS_DIR; };
		0A04D81120FA3E8F00089C32 /* AppDelegate.swift */ = {isa = PBXFileReference; lastKnownFileType = sourcecode.swift; path = AppDelegate.swift; sourceTree = "<group>"; };
		0A04D81320FA3E8F00089C32 /* ViewController.swift */ = {isa = PBXFileReference; lastKnownFileType = sourcecode.swift; path = ViewController.swift; sourceTree = "<group>"; };
		0A04D81620FA3E8F00089C32 /* Base */ = {isa = PBXFileReference; lastKnownFileType = file.storyboard; name = Base; path = Base.lproj/Main.storyboard; sourceTree = "<group>"; };
		0A04D81820FA3E9000089C32 /* Assets.xcassets */ = {isa = PBXFileReference; lastKnownFileType = folder.assetcatalog; path = Assets.xcassets; sourceTree = "<group>"; };
		0A04D81B20FA3E9000089C32 /* Base */ = {isa = PBXFileReference; lastKnownFileType = file.storyboard; name = Base; path = Base.lproj/LaunchScreen.storyboard; sourceTree = "<group>"; };
		0A04D81D20FA3E9000089C32 /* Info.plist */ = {isa = PBXFileReference; lastKnownFileType = text.plist.xml; path = Info.plist; sourceTree = "<group>"; };
		0A04D82220FA3E9000089C32 /* tic tac toeTests.xctest */ = {isa = PBXFileReference; explicitFileType = wrapper.cfbundle; includeInIndex = 0; path = "tic tac toeTests.xctest"; sourceTree = BUILT_PRODUCTS_DIR; };
		0A04D82620FA3E9000089C32 /* tic_tac_toeTests.swift */ = {isa = PBXFileReference; lastKnownFileType = sourcecode.swift; path = tic_tac_toeTests.swift; sourceTree = "<group>"; };
		0A04D82820FA3E9000089C32 /* Info.plist */ = {isa = PBXFileReference; lastKnownFileType = text.plist.xml; path = Info.plist; sourceTree = "<group>"; };
		0A04D82D20FA3E9000089C32 /* tic tac toeUITests.xctest */ = {isa = PBXFileReference; explicitFileType = wrapper.cfbundle; includeInIndex = 0; path = "tic tac toeUITests.xctest"; sourceTree = BUILT_PRODUCTS_DIR; };
		0A04D83120FA3E9000089C32 /* tic_tac_toeUITests.swift */ = {isa = PBXFileReference; lastKnownFileType = sourcecode.swift; path = tic_tac_toeUITests.swift; sourceTree = "<group>"; };
		0A04D83320FA3E9000089C32 /* Info.plist */ = {isa = PBXFileReference; lastKnownFileType = text.plist.xml; path = Info.plist; sourceTree = "<group>"; };
/* End PBXFileReference section */

/* Begin PBXFrameworksBuildPhase section */
		0A04D80B20FA3E8F00089C32 /* Frameworks */ = {
			isa = PBXFrameworksBuildPhase;
			buildActionMask = 2147483647;
			files = (
			);
			runOnlyForDeploymentPostprocessing = 0;
		};
		0A04D81F20FA3E9000089C32 /* Frameworks */ = {
			isa = PBXFrameworksBuildPhase;
			buildActionMask = 2147483647;
			files = (
			);
			runOnlyForDeploymentPostprocessing = 0;
		};
		0A04D82A20FA3E9000089C32 /* Frameworks */ = {
			isa = PBXFrameworksBuildPhase;
			buildActionMask = 2147483647;
			files = (
			);
			runOnlyForDeploymentPostprocessing = 0;
		};
/* End PBXFrameworksBuildPhase section */

/* Begin PBXGroup section */
		0A04D80520FA3E8F00089C32 = {
			isa = PBXGroup;
			children = (
				0A04D81020FA3E8F00089C32 /* tic tac toe */,
				0A04D82520FA3E9000089C32 /* tic tac toeTests */,
				0A04D83020FA3E9000089C32 /* tic tac toeUITests */,
				0A04D80F20FA3E8F00089C32 /* Products */,
			);
			sourceTree = "<group>";
		};
		0A04D80F20FA3E8F00089C32 /* Products */ = {
			isa = PBXGroup;
			children = (
				0A04D80E20FA3E8F00089C32 /* tic tac toe.app */,
				0A04D82220FA3E9000089C32 /* tic tac toeTests.xctest */,
				0A04D82D20FA3E9000089C32 /* tic tac toeUITests.xctest */,
			);
			name = Products;
			sourceTree = "<group>";
		};
		0A04D81020FA3E8F00089C32 /* tic tac toe */ = {
			isa = PBXGroup;
			children = (
				0A04D81120FA3E8F00089C32 /* AppDelegate.swift */,
				0A04D81320FA3E8F00089C32 /* ViewController.swift */,
				0A04D81520FA3E8F00089C32 /* Main.storyboard */,
				0A04D81820FA3E9000089C32 /* Assets.xcassets */,
				0A04D81A20FA3E9000089C32 /* LaunchScreen.storyboard */,
				0A04D81D20FA3E9000089C32 /* Info.plist */,
			);
			path = "tic tac toe";
			sourceTree = "<group>";
		};
		0A04D82520FA3E9000089C32 /* tic tac toeTests */ = {
			isa = PBXGroup;
			children = (
				0A04D82620FA3E9000089C32 /* tic_tac_toeTests.swift */,
				0A04D82820FA3E9000089C32 /* Info.plist */,
			);
			path = "tic tac toeTests";
			sourceTree = "<group>";
		};
		0A04D83020FA3E9000089C32 /* tic tac toeUITests */ = {
			isa = PBXGroup;
			children = (
				0A04D83120FA3E9000089C32 /* tic_tac_toeUITests.swift */,
				0A04D83320FA3E9000089C32 /* Info.plist */,
			);
			path = "tic tac toeUITests";
			sourceTree = "<group>";
		};
/* End PBXGroup section */

/* Begin PBXNativeTarget section */
		0A04D80D20FA3E8F00089C32 /* tic tac toe */ = {
			isa = PBXNativeTarget;
			buildConfigurationList = 0A04D83620FA3E9000089C32 /* Build configuration list for PBXNativeTarget "tic tac toe" */;
			buildPhases = (
				0A04D80A20FA3E8F00089C32 /* Sources */,
				0A04D80B20FA3E8F00089C32 /* Frameworks */,
				0A04D80C20FA3E8F00089C32 /* Resources */,
			);
			buildRules = (
			);
			dependencies = (
			);
			name = "tic tac toe";
			productName = "tic tac toe";
			productReference = 0A04D80E20FA3E8F00089C32 /* tic tac toe.app */;
			productType = "com.apple.product-type.application";
		};
		0A04D82120FA3E9000089C32 /* tic tac toeTests */ = {
			isa = PBXNativeTarget;
			buildConfigurationList = 0A04D83920FA3E9000089C32 /* Build configuration list for PBXNativeTarget "tic tac toeTests" */;
			buildPhases = (
				0A04D81E20FA3E9000089C32 /* Sources */,
				0A04D81F20FA3E9000089C32 /* Frameworks */,
				0A04D82020FA3E9000089C32 /* Resources */,
			);
			buildRules = (
			);
			dependencies = (
				0A04D82420FA3E9000089C32 /* PBXTargetDependency */,
			);
			name = "tic tac toeTests";
			productName = "tic tac toeTests";
			productReference = 0A04D82220FA3E9000089C32 /* tic tac toeTests.xctest */;
			productType = "com.apple.product-type.bundle.unit-test";
		};
		0A04D82C20FA3E9000089C32 /* tic tac toeUITests */ = {
			isa = PBXNativeTarget;
			buildConfigurationList = 0A04D83C20FA3E9000089C32 /* Build configuration list for PBXNativeTarget "tic tac toeUITests" */;
			buildPhases = (
				0A04D82920FA3E9000089C32 /* Sources */,
				0A04D82A20FA3E9000089C32 /* Frameworks */,
				0A04D82B20FA3E9000089C32 /* Resources */,
			);
			buildRules = (
			);
			dependencies = (
				0A04D82F20FA3E9000089C32 /* PBXTargetDependency */,
			);
			name = "tic tac toeUITests";
			productName = "tic tac toeUITests";
			productReference = 0A04D82D20FA3E9000089C32 /* tic tac toeUITests.xctest */;
			productType = "com.apple.product-type.bundle.ui-testing";
		};
/* End PBXNativeTarget section */

/* Begin PBXProject section */
		0A04D80620FA3E8F00089C32 /* Project object */ = {
			isa = PBXProject;
			attributes = {
				LastSwiftUpdateCheck = 1000;
				LastUpgradeCheck = 1000;
				ORGANIZATIONNAME = "Kevin Naik";
				TargetAttributes = {
					0A04D80D20FA3E8F00089C32 = {
						CreatedOnToolsVersion = 10.0;
					};
					0A04D82120FA3E9000089C32 = {
						CreatedOnToolsVersion = 10.0;
						TestTargetID = 0A04D80D20FA3E8F00089C32;
					};
					0A04D82C20FA3E9000089C32 = {
						CreatedOnToolsVersion = 10.0;
						TestTargetID = 0A04D80D20FA3E8F00089C32;
					};
				};
			};
			buildConfigurationList = 0A04D80920FA3E8F00089C32 /* Build configuration list for PBXProject "tic tac toe" */;
			compatibilityVersion = "Xcode 9.3";
			developmentRegion = en;
			hasScannedForEncodings = 0;
			knownRegions = (
				en,
				Base,
			);
			mainGroup = 0A04D80520FA3E8F00089C32;
			productRefGroup = 0A04D80F20FA3E8F00089C32 /* Products */;
			projectDirPath = "";
			projectRoot = "";
			targets = (
				0A04D80D20FA3E8F00089C32 /* tic tac toe */,
				0A04D82120FA3E9000089C32 /* tic tac toeTests */,
				0A04D82C20FA3E9000089C32 /* tic tac toeUITests */,
			);
		};
/* End PBXProject section */

/* Begin PBXResourcesBuildPhase section */
		0A04D80C20FA3E8F00089C32 /* Resources */ = {
			isa = PBXResourcesBuildPhase;
			buildActionMask = 2147483647;
			files = (
				0A04D81C20FA3E9000089C32 /* LaunchScreen.storyboard in Resources */,
				0A04D81920FA3E9000089C32 /* Assets.xcassets in Resources */,
				0A04D81720FA3E8F00089C32 /* Main.storyboard in Resources */,
			);
			runOnlyForDeploymentPostprocessing = 0;
		};
		0A04D82020FA3E9000089C32 /* Resources */ = {
			isa = PBXResourcesBuildPhase;
			buildActionMask = 2147483647;
			files = (
			);
			runOnlyForDeploymentPostprocessing = 0;
		};
		0A04D82B20FA3E9000089C32 /* Resources */ = {
			isa = PBXResourcesBuildPhase;
			buildActionMask = 2147483647;
			files = (
			);
			runOnlyForDeploymentPostprocessing = 0;
		};
/* End PBXResourcesBuildPhase section */

/* Begin PBXSourcesBuildPhase section */
		0A04D80A20FA3E8F00089C32 /* Sources */ = {
			isa = PBXSourcesBuildPhase;
			buildActionMask = 2147483647;
			files = (
				0A04D81420FA3E8F00089C32 /* ViewController.swift in Sources */,
				0A04D81220FA3E8F00089C32 /* AppDelegate.swift in Sources */,
			);
			runOnlyForDeploymentPostprocessing = 0;
		};
		0A04D81E20FA3E9000089C32 /* Sources */ = {
			isa = PBXSourcesBuildPhase;
			buildActionMask = 2147483647;
			files = (
				0A04D82720FA3E9000089C32 /* tic_tac_toeTests.swift in Sources */,
			);
			runOnlyForDeploymentPostprocessing = 0;
		};
		0A04D82920FA3E9000089C32 /* Sources */ = {
			isa = PBXSourcesBuildPhase;
			buildActionMask = 2147483647;
			files = (
				0A04D83220FA3E9000089C32 /* tic_tac_toeUITests.swift in Sources */,
			);
			runOnlyForDeploymentPostprocessing = 0;
		};
/* End PBXSourcesBuildPhase section */

/* Begin PBXTargetDependency section */
		0A04D82420FA3E9000089C32 /* PBXTargetDependency */ = {
			isa = PBXTargetDependency;
			target = 0A04D80D20FA3E8F00089C32 /* tic tac toe */;
			targetProxy = 0A04D82320FA3E9000089C32 /* PBXContainerItemProxy */;
		};
		0A04D82F20FA3E9000089C32 /* PBXTargetDependency */ = {
			isa = PBXTargetDependency;
			target = 0A04D80D20FA3E8F00089C32 /* tic tac toe */;
			targetProxy = 0A04D82E20FA3E9000089C32 /* PBXContainerItemProxy */;
		};
/* End PBXTargetDependency section */

/* Begin PBXVariantGroup section */
		0A04D81520FA3E8F00089C32 /* Main.storyboard */ = {
			isa = PBXVariantGroup;
			children = (
				0A04D81620FA3E8F00089C32 /* Base */,
			);
			name = Main.storyboard;
			sourceTree = "<group>";
		};
		0A04D81A20FA3E9000089C32 /* LaunchScreen.storyboard */ = {
			isa = PBXVariantGroup;
			children = (
				0A04D81B20FA3E9000089C32 /* Base */,
			);
			name = LaunchScreen.storyboard;
			sourceTree = "<group>";
		};
/* End PBXVariantGroup section */

/* Begin XCBuildConfiguration section */
		0A04D83420FA3E9000089C32 /* Debug */ = {
			isa = XCBuildConfiguration;
			buildSettings = {
				ALWAYS_SEARCH_USER_PATHS = NO;
				CLANG_ANALYZER_NONNULL = YES;
				CLANG_ANALYZER_NUMBER_OBJECT_CONVERSION = YES_AGGRESSIVE;
				CLANG_CXX_LANGUAGE_STANDARD = "gnu++14";
				CLANG_CXX_LIBRARY = "libc++";
				CLANG_ENABLE_MODULES = YES;
				CLANG_ENABLE_OBJC_ARC = YES;
				CLANG_ENABLE_OBJC_WEAK = YES;
				CLANG_WARN_BLOCK_CAPTURE_AUTORELEASING = YES;
				CLANG_WARN_BOOL_CONVERSION = YES;
				CLANG_WARN_COMMA = YES;
				CLANG_WARN_CONSTANT_CONVERSION = YES;
				CLANG_WARN_DEPRECATED_OBJC_IMPLEMENTATIONS = YES;
				CLANG_WARN_DIRECT_OBJC_ISA_USAGE = YES_ERROR;
				CLANG_WARN_DOCUMENTATION_COMMENTS = YES;
				CLANG_WARN_EMPTY_BODY = YES;
				CLANG_WARN_ENUM_CONVERSION = YES;
				CLANG_WARN_INFINITE_RECURSION = YES;
				CLANG_WARN_INT_CONVERSION = YES;
				CLANG_WARN_NON_LITERAL_NULL_CONVERSION = YES;
				CLANG_WARN_OBJC_IMPLICIT_RETAIN_SELF = YES;
				CLANG_WARN_OBJC_LITERAL_CONVERSION = YES;
				CLANG_WARN_OBJC_ROOT_CLASS = YES_ERROR;
				CLANG_WARN_RANGE_LOOP_ANALYSIS = YES;
				CLANG_WARN_STRICT_PROTOTYPES = YES;
				CLANG_WARN_SUSPICIOUS_MOVE = YES;
				CLANG_WARN_UNGUARDED_AVAILABILITY = YES_AGGRESSIVE;
				CLANG_WARN_UNREACHABLE_CODE = YES;
				CLANG_WARN__DUPLICATE_METHOD_MATCH = YES;
				CODE_SIGN_IDENTITY = "iPhone Developer";
				COPY_PHASE_STRIP = NO;
				DEBUG_INFORMATION_FORMAT = dwarf;
				ENABLE_STRICT_OBJC_MSGSEND = YES;
				ENABLE_TESTABILITY = YES;
				GCC_C_LANGUAGE_STANDARD = gnu11;
				GCC_DYNAMIC_NO_PIC = NO;
				GCC_NO_COMMON_BLOCKS = YES;
				GCC_OPTIMIZATION_LEVEL = 0;
				GCC_PREPROCESSOR_DEFINITIONS = (
					"DEBUG=1",
					"$(inherited)",
				);
				GCC_WARN_64_TO_32_BIT_CONVERSION = YES;
				GCC_WARN_ABOUT_RETURN_TYPE = YES_ERROR;
				GCC_WARN_UNDECLARED_SELECTOR = YES;
				GCC_WARN_UNINITIALIZED_AUTOS = YES_AGGRESSIVE;
				GCC_WARN_UNUSED_FUNCTION = YES;
				GCC_WARN_UNUSED_VARIABLE = YES;
				IPHONEOS_DEPLOYMENT_TARGET = 12.0;
				MTL_ENABLE_DEBUG_INFO = INCLUDE_SOURCE;
				ONLY_ACTIVE_ARCH = YES;
				SDKROOT = iphoneos;
				SWIFT_ACTIVE_COMPILATION_CONDITIONS = DEBUG;
				SWIFT_OPTIMIZATION_LEVEL = "-Onone";
			};
			name = Debug;
		};
		0A04D83520FA3E9000089C32 /* Release */ = {
			isa = XCBuildConfiguration;
			buildSettings = {
				ALWAYS_SEARCH_USER_PATHS = NO;
				CLANG_ANALYZER_NONNULL = YES;
				CLANG_ANALYZER_NUMBER_OBJECT_CONVERSION = YES_AGGRESSIVE;
				CLANG_CXX_LANGUAGE_STANDARD = "gnu++14";
				CLANG_CXX_LIBRARY = "libc++";
				CLANG_ENABLE_MODULES = YES;
				CLANG_ENABLE_OBJC_ARC = YES;
				CLANG_ENABLE_OBJC_WEAK = YES;
				CLANG_WARN_BLOCK_CAPTURE_AUTORELEASING = YES;
				CLANG_WARN_BOOL_CONVERSION = YES;
				CLANG_WARN_COMMA = YES;
				CLANG_WARN_CONSTANT_CONVERSION = YES;
				CLANG_WARN_DEPRECATED_OBJC_IMPLEMENTATIONS = YES;
				CLANG_WARN_DIRECT_OBJC_ISA_USAGE = YES_ERROR;
				CLANG_WARN_DOCUMENTATION_COMMENTS = YES;
				CLANG_WARN_EMPTY_BODY = YES;
				CLANG_WARN_ENUM_CONVERSION = YES;
				CLANG_WARN_INFINITE_RECURSION = YES;
				CLANG_WARN_INT_CONVERSION = YES;
				CLANG_WARN_NON_LITERAL_NULL_CONVERSION = YES;
				CLANG_WARN_OBJC_IMPLICIT_RETAIN_SELF = YES;
				CLANG_WARN_OBJC_LITERAL_CONVERSION = YES;
				CLANG_WARN_OBJC_ROOT_CLASS = YES_ERROR;
				CLANG_WARN_RANGE_LOOP_ANALYSIS = YES;
				CLANG_WARN_STRICT_PROTOTYPES = YES;
				CLANG_WARN_SUSPICIOUS_MOVE = YES;
				CLANG_WARN_UNGUARDED_AVAILABILITY = YES_AGGRESSIVE;
				CLANG_WARN_UNREACHABLE_CODE = YES;
				CLANG_WARN__DUPLICATE_METHOD_MATCH = YES;
				CODE_SIGN_IDENTITY = "iPhone Developer";
				COPY_PHASE_STRIP = NO;
				DEBUG_INFORMATION_FORMAT = "dwarf-with-dsym";
				ENABLE_NS_ASSERTIONS = NO;
				ENABLE_STRICT_OBJC_MSGSEND = YES;
				GCC_C_LANGUAGE_STANDARD = gnu11;
				GCC_NO_COMMON_BLOCKS = YES;
				GCC_WARN_64_TO_32_BIT_CONVERSION = YES;
				GCC_WARN_ABOUT_RETURN_TYPE = YES_ERROR;
				GCC_WARN_UNDECLARED_SELECTOR = YES;
				GCC_WARN_UNINITIALIZED_AUTOS = YES_AGGRESSIVE;
				GCC_WARN_UNUSED_FUNCTION = YES;
				GCC_WARN_UNUSED_VARIABLE = YES;
				IPHONEOS_DEPLOYMENT_TARGET = 12.0;
				MTL_ENABLE_DEBUG_INFO = NO;
				SDKROOT = iphoneos;
				SWIFT_COMPILATION_MODE = wholemodule;
				SWIFT_OPTIMIZATION_LEVEL = "-O";
				VALIDATE_PRODUCT = YES;
			};
			name = Release;
		};
		0A04D83720FA3E9000089C32 /* Debug */ = {
			isa = XCBuildConfiguration;
			buildSettings = {
				ASSETCATALOG_COMPILER_APPICON_NAME = AppIcon;
				CODE_SIGN_STYLE = Automatic;
				INFOPLIST_FILE = "tic tac toe/Info.plist";
				LD_RUNPATH_SEARCH_PATHS = (
					"$(inherited)",
					"@executable_path/Frameworks",
				);
				PRODUCT_BUNDLE_IDENTIFIER = "info.kevinnaik.tic-tac-toe";
				PRODUCT_NAME = "$(TARGET_NAME)";
				SWIFT_VERSION = 4.2;
				TARGETED_DEVICE_FAMILY = "1,2";
			};
			name = Debug;
		};
		0A04D83820FA3E9000089C32 /* Release */ = {
			isa = XCBuildConfiguration;
			buildSettings = {
				ASSETCATALOG_COMPILER_APPICON_NAME = AppIcon;
				CODE_SIGN_STYLE = Automatic;
				INFOPLIST_FILE = "tic tac toe/Info.plist";
				LD_RUNPATH_SEARCH_PATHS = (
					"$(inherited)",
					"@executable_path/Frameworks",
				);
				PRODUCT_BUNDLE_IDENTIFIER = "info.kevinnaik.tic-tac-toe";
				PRODUCT_NAME = "$(TARGET_NAME)";
				SWIFT_VERSION = 4.2;
				TARGETED_DEVICE_FAMILY = "1,2";
			};
			name = Release;
		};
		0A04D83A20FA3E9000089C32 /* Debug */ = {
			isa = XCBuildConfiguration;
			buildSettings = {
				ALWAYS_EMBED_SWIFT_STANDARD_LIBRARIES = YES;
				BUNDLE_LOADER = "$(TEST_HOST)";
				CODE_SIGN_STYLE = Automatic;
				INFOPLIST_FILE = "tic tac toeTests/Info.plist";
				LD_RUNPATH_SEARCH_PATHS = (
					"$(inherited)",
					"@executable_path/Frameworks",
					"@loader_path/Frameworks",
				);
				PRODUCT_BUNDLE_IDENTIFIER = "info.kevinnaik.tic-tac-toeTests";
				PRODUCT_NAME = "$(TARGET_NAME)";
				SWIFT_VERSION = 4.2;
				TARGETED_DEVICE_FAMILY = "1,2";
				TEST_HOST = "$(BUILT_PRODUCTS_DIR)/tic tac toe.app/tic tac toe";
			};
			name = Debug;
		};
		0A04D83B20FA3E9000089C32 /* Release */ = {
			isa = XCBuildConfiguration;
			buildSettings = {
				ALWAYS_EMBED_SWIFT_STANDARD_LIBRARIES = YES;
				BUNDLE_LOADER = "$(TEST_HOST)";
				CODE_SIGN_STYLE = Automatic;
				INFOPLIST_FILE = "tic tac toeTests/Info.plist";
				LD_RUNPATH_SEARCH_PATHS = (
					"$(inherited)",
					"@executable_path/Frameworks",
					"@loader_path/Frameworks",
				);
				PRODUCT_BUNDLE_IDENTIFIER = "info.kevinnaik.tic-tac-toeTests";
				PRODUCT_NAME = "$(TARGET_NAME)";
				SWIFT_VERSION = 4.2;
				TARGETED_DEVICE_FAMILY = "1,2";
				TEST_HOST = "$(BUILT_PRODUCTS_DIR)/tic tac toe.app/tic tac toe";
			};
			name = Release;
		};
		0A04D83D20FA3E9000089C32 /* Debug */ = {
			isa = XCBuildConfiguration;
			buildSettings = {
				ALWAYS_EMBED_SWIFT_STANDARD_LIBRARIES = YES;
				CODE_SIGN_STYLE = Automatic;
				INFOPLIST_FILE = "tic tac toeUITests/Info.plist";
				LD_RUNPATH_SEARCH_PATHS = (
					"$(inherited)",
					"@executable_path/Frameworks",
					"@loader_path/Frameworks",
				);
				PRODUCT_BUNDLE_IDENTIFIER = "info.kevinnaik.tic-tac-toeUITests";
				PRODUCT_NAME = "$(TARGET_NAME)";
				SWIFT_VERSION = 4.2;
				TARGETED_DEVICE_FAMILY = "1,2";
				TEST_TARGET_NAME = "tic tac toe";
			};
			name = Debug;
		};
		0A04D83E20FA3E9000089C32 /* Release */ = {
			isa = XCBuildConfiguration;
			buildSettings = {
				ALWAYS_EMBED_SWIFT_STANDARD_LIBRARIES = YES;
				CODE_SIGN_STYLE = Automatic;
				INFOPLIST_FILE = "tic tac toeUITests/Info.plist";
				LD_RUNPATH_SEARCH_PATHS = (
					"$(inherited)",
					"@executable_path/Frameworks",
					"@loader_path/Frameworks",
				);
				PRODUCT_BUNDLE_IDENTIFIER = "info.kevinnaik.tic-tac-toeUITests";
				PRODUCT_NAME = "$(TARGET_NAME)";
				SWIFT_VERSION = 4.2;
				TARGETED_DEVICE_FAMILY = "1,2";
				TEST_TARGET_NAME = "tic tac toe";
			};
			name = Release;
		};
/* End XCBuildConfiguration section */

/* Begin XCConfigurationList section */
		0A04D80920FA3E8F00089C32 /* Build configuration list for PBXProject "tic tac toe" */ = {
			isa = XCConfigurationList;
			buildConfigurations = (
				0A04D83420FA3E9000089C32 /* Debug */,
				0A04D83520FA3E9000089C32 /* Release */,
			);
			defaultConfigurationIsVisible = 0;
			defaultConfigurationName = Release;
		};
		0A04D83620FA3E9000089C32 /* Build configuration list for PBXNativeTarget "tic tac toe" */ = {
			isa = XCConfigurationList;
			buildConfigurations = (
				0A04D83720FA3E9000089C32 /* Debug */,
				0A04D83820FA3E9000089C32 /* Release */,
			);
			defaultConfigurationIsVisible = 0;
			defaultConfigurationName = Release;
		};
		0A04D83920FA3E9000089C32 /* Build configuration list for PBXNativeTarget "tic tac toeTests" */ = {
			isa = XCConfigurationList;
			buildConfigurations = (
				0A04D83A20FA3E9000089C32 /* Debug */,
				0A04D83B20FA3E9000089C32 /* Release */,
			);
			defaultConfigurationIsVisible = 0;
			defaultConfigurationName = Release;
		};
		0A04D83C20FA3E9000089C32 /* Build configuration list for PBXNativeTarget "tic tac toeUITests" */ = {
			isa = XCConfigurationList;
			buildConfigurations = (
				0A04D83D20FA3E9000089C32 /* Debug */,
				0A04D83E20FA3E9000089C32 /* Release */,
			);
			defaultConfigurationIsVisible = 0;
			defaultConfigurationName = Release;
		};
/* End XCConfigurationList section */
	};
	rootObject = 0A04D80620FA3E8F00089C32 /* Project object */;
}
